
Microsoft Visual Studio Solution File, Format Version 12.00
# Visual Studio Version 17
VisualStudioVersion = 17.9.34616.47
MinimumVisualStudioVersion = 10.0.40219.1
Project("{FAE04EC0-301F-11D3-BF4B-00C04F79EFBC}") = "NetworkUtility", "NetworkUtility\NetworkUtility.csproj", "{2F97B668-D458-48BC-A5AC-B20426805E27}"
EndProject
Project("{FAE04EC0-301F-11D3-BF4B-00C04F79EFBC}") = "NetworkUtility.Tests", "NetworkUtility.Tests\NetworkUtility.Tests.csproj", "{331CB60C-D026-49C2-9E4C-FD97550F0176}"
EndProject
Global
	GlobalSection(SolutionConfigurationPlatforms) = preSolution
		Debug|Any CPU = Debug|Any CPU
		Release|Any CPU = Release|Any CPU
	EndGlobalSection
	GlobalSection(ProjectConfigurationPlatforms) = postSolution
		{2F97B668-D458-48BC-A5AC-B20426805E27}.Debug|Any CPU.ActiveCfg = Debug|Any CPU
		{2F97B668-D458-48BC-A5AC-B20426805E27}.Debug|Any CPU.Build.0 = Debug|Any CPU
		{2F97B668-D458-48BC-A5AC-B20426805E27}.Release|Any CPU.ActiveCfg = Release|Any CPU
		{2F97B668-D458-48BC-A5AC-B20426805E27}.Release|Any CPU.Build.0 = Release|Any CPU
		{331CB60C-D026-49C2-9E4C-FD97550F0176}.Debug|Any CPU.ActiveCfg = Debug|Any CPU
		{331CB60C-D026-49C2-9E4C-FD97550F0176}.Debug|Any CPU.Build.0 = Debug|Any CPU
		{331CB60C-D026-49C2-9E4C-FD97550F0176}.Release|Any CPU.ActiveCfg = Release|Any CPU
		{331CB60C-D026-49C2-9E4C-FD97550F0176}.Release|Any CPU.Build.0 = Release|Any CPU
	EndGlobalSection
	GlobalSection(SolutionProperties) = preSolution
		HideSolutionNode = FALSE
	EndGlobalSection
	GlobalSection(ExtensibilityGlobals) = postSolution
		SolutionGuid = {34ABF10F-97B4-4BAC-8D3B-BD409D45D52B}
	EndGlobalSection
EndGlobal
